<?xml version="1.0" encoding="utf-8"?>
<Project ToolsVersion="4.0" xmlns="http://schemas.microsoft.com/developer/msbuild/2003">
  <ItemGroup>
    <Filter Include="源文件">
      <UniqueIdentifier>{4FC737F1-C7A5-4376-A066-2A32D752A2FF}</UniqueIdentifier>
      <Extensions>cpp;c;cc;cxx;def;odl;idl;hpj;bat;asm;asmx</Extensions>
    </Filter>
    <Filter Include="头文件">
      <UniqueIdentifier>{93995380-89BD-4b04-88EB-625FBE52EBFB}</UniqueIdentifier>
      <Extensions>h;hh;hpp;hxx;hm;inl;inc;xsd</Extensions>
    </Filter>
    <Filter Include="资源文件">
      <UniqueIdentifier>{67DA6AB6-F800-4c08-8B7A-83BB121AAD01}</UniqueIdentifier>
      <Extensions>rc;ico;cur;bmp;dlg;rc2;rct;bin;rgs;gif;jpg;jpeg;jpe;resx;tiff;tif;png;wav;mfcribbon-ms</Extensions>
    </Filter>
  </ItemGroup>
  <ItemGroup>
    <Text Include="ReadMe.txt" />
  </ItemGroup>
  <ItemGroup>
    <ClInclude Include="ShowRobotData.h">
      <Filter>头文件</Filter>
    </ClInclude>
    <ClInclude Include="ShowRobotDataDlg.h">
      <Filter>头文件</Filter>
    </ClInclude>
    <ClInclude Include="stdafx.h">
      <Filter>头文件</Filter>
    </ClInclude>
    <ClInclude Include="targetver.h">
      <Filter>头文件</Filter>
    </ClInclude>
    <ClInclude Include="Resource.h">
      <Filter>头文件</Filter>
    </ClInclude>
    <ClInclude Include="ChartCtrl\ChartAxis.h">
      <Filter>头文件</Filter>
    </ClInclude>
    <ClInclude Include="ChartCtrl\ChartAxisLabel.h">
      <Filter>头文件</Filter>
    </ClInclude>
    <ClInclude Include="ChartCtrl\ChartBalloonLabel.h">
      <Filter>头文件</Filter>
    </ClInclude>
    <ClInclude Include="ChartCtrl\ChartBarSerie.h">
      <Filter>头文件</Filter>
    </ClInclude>
    <ClInclude Include="ChartCtrl\ChartCandlestickSerie.h">
      <Filter>头文件</Filter>
    </ClInclude>
    <ClInclude Include="ChartCtrl\ChartCrossHairCursor.h">
      <Filter>头文件</Filter>
    </ClInclude>
    <ClInclude Include="ChartCtrl\ChartCtrl.h">
      <Filter>头文件</Filter>
    </ClInclude>
    <ClInclude Include="ChartCtrl\ChartCursor.h">
      <Filter>头文件</Filter>
    </ClInclude>
    <ClInclude Include="ChartCtrl\ChartDateTimeAxis.h">
      <Filter>头文件</Filter>
    </ClInclude>
    <ClInclude Include="ChartCtrl\ChartDragLineCursor.h">
      <Filter>头文件</Filter>
    </ClInclude>
    <ClInclude Include="ChartCtrl\ChartFont.h">
      <Filter>头文件</Filter>
    </ClInclude>
    <ClInclude Include="ChartCtrl\ChartGanttSerie.h">
      <Filter>头文件</Filter>
    </ClInclude>
    <ClInclude Include="ChartCtrl\ChartGradient.h">
      <Filter>头文件</Filter>
    </ClInclude>
    <ClInclude Include="ChartCtrl\ChartGrid.h">
      <Filter>头文件</Filter>
    </ClInclude>
    <ClInclude Include="ChartCtrl\ChartLabel.h">
      <Filter>头文件</Filter>
    </ClInclude>
    <ClInclude Include="ChartCtrl\ChartLegend.h">
      <Filter>头文件</Filter>
    </ClInclude>
    <ClInclude Include="ChartCtrl\ChartLineSerie.h">
      <Filter>头文件</Filter>
    </ClInclude>
    <ClInclude Include="ChartCtrl\ChartLogarithmicAxis.h">
      <Filter>头文件</Filter>
    </ClInclude>
    <ClInclude Include="ChartCtrl\ChartMouseListener.h">
      <Filter>头文件</Filter>
    </ClInclude>
    <ClInclude Include="ChartCtrl\ChartPointsArray.h">
      <Filter>头文件</Filter>
    </ClInclude>
    <ClInclude Include="ChartCtrl\ChartPointsSerie.h">
      <Filter>头文件</Filter>
    </ClInclude>
    <ClInclude Include="ChartCtrl\ChartScrollBar.h">
      <Filter>头文件</Filter>
    </ClInclude>
    <ClInclude Include="ChartCtrl\ChartSerie.h">
      <Filter>头文件</Filter>
    </ClInclude>
    <ClInclude Include="ChartCtrl\ChartSerieBase.h">
      <Filter>头文件</Filter>
    </ClInclude>
    <ClInclude Include="ChartCtrl\ChartSeriesMouseListener.h">
      <Filter>头文件</Filter>
    </ClInclude>
    <ClInclude Include="ChartCtrl\ChartStandardAxis.h">
      <Filter>头文件</Filter>
    </ClInclude>
    <ClInclude Include="ChartCtrl\ChartString.h">
      <Filter>头文件</Filter>
    </ClInclude>
    <ClInclude Include="ChartCtrl\ChartSurfaceSerie.h">
      <Filter>头文件</Filter>
    </ClInclude>
    <ClInclude Include="ChartCtrl\ChartTitle.h">
      <Filter>头文件</Filter>
    </ClInclude>
    <ClInclude Include="ChartCtrl\ChartXYSerie.h">
      <Filter>头文件</Filter>
    </ClInclude>
    <ClInclude Include="ChartCtrl\PointsOrdering.h">
      <Filter>头文件</Filter>
    </ClInclude>
  </ItemGroup>
  <ItemGroup>
    <ClCompile Include="ShowRobotData.cpp">
      <Filter>源文件</Filter>
    </ClCompile>
    <ClCompile Include="ShowRobotDataDlg.cpp">
      <Filter>源文件</Filter>
    </ClCompile>
    <ClCompile Include="stdafx.cpp">
      <Filter>源文件</Filter>
    </ClCompile>
    <ClCompile Include="ChartCtrl\ChartAxis.cpp">
      <Filter>源文件</Filter>
    </ClCompile>
    <ClCompile Include="ChartCtrl\ChartAxisLabel.cpp">
      <Filter>源文件</Filter>
    </ClCompile>
    <ClCompile Include="ChartCtrl\ChartBarSerie.cpp">
      <Filter>源文件</Filter>
    </ClCompile>
    <ClCompile Include="ChartCtrl\ChartCandlestickSerie.cpp">
      <Filter>源文件</Filter>
    </ClCompile>
    <ClCompile Include="ChartCtrl\ChartCrossHairCursor.cpp">
      <Filter>源文件</Filter>
    </ClCompile>
    <ClCompile Include="ChartCtrl\ChartCtrl.cpp">
      <Filter>源文件</Filter>
    </ClCompile>
    <ClCompile Include="ChartCtrl\ChartCursor.cpp">
      <Filter>源文件</Filter>
    </ClCompile>
    <ClCompile Include="ChartCtrl\ChartDateTimeAxis.cpp">
      <Filter>源文件</Filter>
    </ClCompile>
    <ClCompile Include="ChartCtrl\ChartDragLineCursor.cpp">
      <Filter>源文件</Filter>
    </ClCompile>
    <ClCompile Include="ChartCtrl\ChartFont.cpp">
      <Filter>源文件</Filter>
    </ClCompile>
    <ClCompile Include="ChartCtrl\ChartGanttSerie.cpp">
      <Filter>源文件</Filter>
    </ClCompile>
    <ClCompile Include="ChartCtrl\ChartGradient.cpp">
      <Filter>源文件</Filter>
    </ClCompile>
    <ClCompile Include="ChartCtrl\ChartGrid.cpp">
      <Filter>源文件</Filter>
    </ClCompile>
    <ClCompile Include="ChartCtrl\ChartLegend.cpp">
      <Filter>源文件</Filter>
    </ClCompile>
    <ClCompile Include="ChartCtrl\ChartLineSerie.cpp">
      <Filter>源文件</Filter>
    </ClCompile>
    <ClCompile Include="ChartCtrl\ChartLogarithmicAxis.cpp">
      <Filter>源文件</Filter>
    </ClCompile>
    <ClCompile Include="ChartCtrl\ChartPointsSerie.cpp">
      <Filter>源文件</Filter>
    </ClCompile>
    <ClCompile Include="ChartCtrl\ChartScrollBar.cpp">
      <Filter>源文件</Filter>
    </ClCompile>
    <ClCompile Include="ChartCtrl\ChartSerie.cpp">
      <Filter>源文件</Filter>
    </ClCompile>
    <ClCompile Include="ChartCtrl\ChartStandardAxis.cpp">
      <Filter>源文件</Filter>
    </ClCompile>
    <ClCompile Include="ChartCtrl\ChartSurfaceSerie.cpp">
      <Filter>源文件</Filter>
    </ClCompile>
    <ClCompile Include="ChartCtrl\ChartTitle.cpp">
      <Filter>源文件</Filter>
    </ClCompile>
    <ClCompile Include="ChartCtrl\ChartXYSerie.cpp">
      <Filter>源文件</Filter>
    </ClCompile>
  </ItemGroup>
  <ItemGroup>
    <ResourceCompile Include="ShowRobotData.rc">
      <Filter>资源文件</Filter>
    </ResourceCompile>
  </ItemGroup>
  <ItemGroup>
    <None Include="res\ShowRobotData.rc2">
      <Filter>资源文件</Filter>
    </None>
    <None Include="ChartCtrl\ChartBalloonLabel.inl">
      <Filter>头文件</Filter>
    </None>
    <None Include="ChartCtrl\ChartLabel.inl">
      <Filter>头文件</Filter>
    </None>
    <None Include="ChartCtrl\ChartPointsArray.inl">
      <Filter>头文件</Filter>
    </None>
    <None Include="ChartCtrl\ChartSerieBase.inl">
      <Filter>头文件</Filter>
    </None>
  </ItemGroup>
  <ItemGroup>
    <Image Include="res\ShowRobotData.ico">
      <Filter>资源文件</Filter>
    </Image>
  </ItemGroup>
</Project>